
Microsoft Visual Studio Solution File, Format Version 12.00
# Visual Studio Version 17
VisualStudioVersion = 17.3.32825.248
MinimumVisualStudioVersion = 10.0.40219.1
Project("{FAE04EC0-301F-11D3-BF4B-00C04F79EFBC}") = "SchollPaidEducationalServices", "SchollPaidEducationalServices\SchollPaidEducationalServices.csproj", "{691988D4-5A33-4E49-BC5D-69B715EEA9DE}"
EndProject
Global
	GlobalSection(SolutionConfigurationPlatforms) = preSolution
		Debug|Any CPU = Debug|Any CPU
		Release|Any CPU = Release|Any CPU
	EndGlobalSection
	GlobalSection(ProjectConfigurationPlatforms) = postSolution
		{691988D4-5A33-4E49-BC5D-69B715EEA9DE}.Debug|Any CPU.ActiveCfg = Debug|Any CPU
		{691988D4-5A33-4E49-BC5D-69B715EEA9DE}.Debug|Any CPU.Build.0 = Debug|Any CPU
		{691988D4-5A33-4E49-BC5D-69B715EEA9DE}.Release|Any CPU.ActiveCfg = Release|Any CPU
		{691988D4-5A33-4E49-BC5D-69B715EEA9DE}.Release|Any CPU.Build.0 = Release|Any CPU
	EndGlobalSection
	GlobalSection(SolutionProperties) = preSolution
		HideSolutionNode = FALSE
	EndGlobalSection
	GlobalSection(ExtensibilityGlobals) = postSolution
		SolutionGuid = {6022C475-42D5-4276-8D7E-F630BAD68A3C}
	EndGlobalSection
EndGlobal
